// !$*UTF8*$!
{
	archiveVersion = 1;
	classes = {
	};
	objectVersion = 52;
	objects = {

/* Begin PBXBuildFile section */
		2808F7BC266A38DE0099E1E7 /* TripsTableViewCell.swift in Sources */ = {isa = PBXBuildFile; fileRef = 2808F7BA266A38DE0099E1E7 /* TripsTableViewCell.swift */; };
		2808F7BD266A38DE0099E1E7 /* TripsTableViewCell.xib in Resources */ = {isa = PBXBuildFile; fileRef = 2808F7BB266A38DE0099E1E7 /* TripsTableViewCell.xib */; };
		2808F7CA266A3E8D0099E1E7 /* Localizable.strings in Resources */ = {isa = PBXBuildFile; fileRef = 2808F7CC266A3E8D0099E1E7 /* Localizable.strings */; };
		2808F7D1266A423E0099E1E7 /* TripsTableViewDataSource.swift in Sources */ = {isa = PBXBuildFile; fileRef = 2808F7D0266A423E0099E1E7 /* TripsTableViewDataSource.swift */; };
		282813C4266A7BA600D9CEBA /* Polyline in Frameworks */ = {isa = PBXBuildFile; productRef = 282813C3266A7BA600D9CEBA /* Polyline */; };
		282813CC266B7E0E00D9CEBA /* MarkerView.swift in Sources */ = {isa = PBXBuildFile; fileRef = 282813CB266B7E0E00D9CEBA /* MarkerView.swift */; };
		282813D1266B7E1C00D9CEBA /* MarkerView.xib in Resources */ = {isa = PBXBuildFile; fileRef = 282813D0266B7E1C00D9CEBA /* MarkerView.xib */; };
		282813E9266B91E300D9CEBA /* RestConfiguration.swift in Sources */ = {isa = PBXBuildFile; fileRef = 282813E8266B91E300D9CEBA /* RestConfiguration.swift */; };
		282813F6266B932F00D9CEBA /* StopServiceModel.swift in Sources */ = {isa = PBXBuildFile; fileRef = 282813F5266B932F00D9CEBA /* StopServiceModel.swift */; };
		282813FB266B957F00D9CEBA /* StopModel.swift in Sources */ = {isa = PBXBuildFile; fileRef = 282813FA266B957F00D9CEBA /* StopModel.swift */; };
		28281401266B96D100D9CEBA /* DateFormatterExtension.swift in Sources */ = {isa = PBXBuildFile; fileRef = 28281400266B96D100D9CEBA /* DateFormatterExtension.swift */; };
		28281406266BBD2200D9CEBA /* DateExtension.swift in Sources */ = {isa = PBXBuildFile; fileRef = 28281405266BBD2200D9CEBA /* DateExtension.swift */; };
		2828140E266BBF6E00D9CEBA /* DoubleExtension.swift in Sources */ = {isa = PBXBuildFile; fileRef = 2828140D266BBF6E00D9CEBA /* DoubleExtension.swift */; };
		2839518F26679260001E1B1A /* AppDelegate.swift in Sources */ = {isa = PBXBuildFile; fileRef = 2839518E26679260001E1B1A /* AppDelegate.swift */; };
		2839519126679260001E1B1A /* SceneDelegate.swift in Sources */ = {isa = PBXBuildFile; fileRef = 2839519026679260001E1B1A /* SceneDelegate.swift */; };
		2839519326679260001E1B1A /* MapsViewController.swift in Sources */ = {isa = PBXBuildFile; fileRef = 2839519226679260001E1B1A /* MapsViewController.swift */; };
		2839519626679260001E1B1A /* MapsViewController.storyboard in Resources */ = {isa = PBXBuildFile; fileRef = 2839519426679260001E1B1A /* MapsViewController.storyboard */; };
		2839519826679263001E1B1A /* Assets.xcassets in Resources */ = {isa = PBXBuildFile; fileRef = 2839519726679263001E1B1A /* Assets.xcassets */; };
		2839519B26679263001E1B1A /* LaunchScreen.storyboard in Resources */ = {isa = PBXBuildFile; fileRef = 2839519926679263001E1B1A /* LaunchScreen.storyboard */; };
		283951A626679263001E1B1A /* Maps_codeTests.swift in Sources */ = {isa = PBXBuildFile; fileRef = 283951A526679263001E1B1A /* Maps_codeTests.swift */; };
		283951B126679264001E1B1A /* Maps_codeUITests.swift in Sources */ = {isa = PBXBuildFile; fileRef = 283951B026679264001E1B1A /* Maps_codeUITests.swift */; };
		283CB3C0266A581F0092593D /* TripsModel.swift in Sources */ = {isa = PBXBuildFile; fileRef = 283CB3BF266A581F0092593D /* TripsModel.swift */; };
		286944DF26691C2E00FD98DF /* MapsViewModel.swift in Sources */ = {isa = PBXBuildFile; fileRef = 286944DE26691C2E00FD98DF /* MapsViewModel.swift */; };
		286944E726691E2500FD98DF /* TripsServiceModel.swift in Sources */ = {isa = PBXBuildFile; fileRef = 286944E626691E2500FD98DF /* TripsServiceModel.swift */; };
		28901F332668D8ED00A051E8 /* MapsView.swift in Sources */ = {isa = PBXBuildFile; fileRef = 28901F322668D8ED00A051E8 /* MapsView.swift */; };
		28901F5426690D3800A051E8 /* ApiRestManager.swift in Sources */ = {isa = PBXBuildFile; fileRef = 28901F5326690D3800A051E8 /* ApiRestManager.swift */; };
		4B6DF7361368A07B783D9E0F /* Pods_Maps_code_Maps_codeUITests.framework in Frameworks */ = {isa = PBXBuildFile; fileRef = 9514D76F26E10CAA3F14A045 /* Pods_Maps_code_Maps_codeUITests.framework */; };
		5F3AAE1FC1693CE215DFD421 /* Pods_Maps_codeTests.framework in Frameworks */ = {isa = PBXBuildFile; fileRef = 6C64E19C3AF193BC1320F897 /* Pods_Maps_codeTests.framework */; };
		7DEB8A8850BBF424A06D7889 /* Pods_Maps_code.framework in Frameworks */ = {isa = PBXBuildFile; fileRef = 4CC74E58094EBBD726324E05 /* Pods_Maps_code.framework */; };
/* End PBXBuildFile section */

/* Begin PBXContainerItemProxy section */
		283951A226679263001E1B1A /* PBXContainerItemProxy */ = {
			isa = PBXContainerItemProxy;
			containerPortal = 283951832667925F001E1B1A /* Project object */;
			proxyType = 1;
			remoteGlobalIDString = 2839518A26679260001E1B1A;
			remoteInfo = Maps_code;
		};
		283951AD26679264001E1B1A /* PBXContainerItemProxy */ = {
			isa = PBXContainerItemProxy;
			containerPortal = 283951832667925F001E1B1A /* Project object */;
			proxyType = 1;
			remoteGlobalIDString = 2839518A26679260001E1B1A;
			remoteInfo = Maps_code;
		};
/* End PBXContainerItemProxy section */

/* Begin PBXFileReference section */
		2808F7BA266A38DE0099E1E7 /* TripsTableViewCell.swift */ = {isa = PBXFileReference; lastKnownFileType = sourcecode.swift; path = TripsTableViewCell.swift; sourceTree = "<group>"; };
		2808F7BB266A38DE0099E1E7 /* TripsTableViewCell.xib */ = {isa = PBXFileReference; lastKnownFileType = file.xib; path = TripsTableViewCell.xib; sourceTree = "<group>"; };
		2808F7CB266A3E8D0099E1E7 /* en */ = {isa = PBXFileReference; lastKnownFileType = text.plist.strings; name = en; path = en.lproj/Localizable.strings; sourceTree = "<group>"; };
		2808F7D0266A423E0099E1E7 /* TripsTableViewDataSource.swift */ = {isa = PBXFileReference; lastKnownFileType = sourcecode.swift; path = TripsTableViewDataSource.swift; sourceTree = "<group>"; };
		2808F7D8266A4D440099E1E7 /* Base */ = {isa = PBXFileReference; lastKnownFileType = text.plist.strings; name = Base; path = Base.lproj/Localizable.strings; sourceTree = "<group>"; };
		282813CB266B7E0E00D9CEBA /* MarkerView.swift */ = {isa = PBXFileReference; lastKnownFileType = sourcecode.swift; path = MarkerView.swift; sourceTree = "<group>"; };
		282813D0266B7E1C00D9CEBA /* MarkerView.xib */ = {isa = PBXFileReference; lastKnownFileType = file.xib; path = MarkerView.xib; sourceTree = "<group>"; };
		282813E8266B91E300D9CEBA /* RestConfiguration.swift */ = {isa = PBXFileReference; lastKnownFileType = sourcecode.swift; path = RestConfiguration.swift; sourceTree = "<group>"; };
		282813F5266B932F00D9CEBA /* StopServiceModel.swift */ = {isa = PBXFileReference; lastKnownFileType = sourcecode.swift; path = StopServiceModel.swift; sourceTree = "<group>"; };
		282813FA266B957F00D9CEBA /* StopModel.swift */ = {isa = PBXFileReference; lastKnownFileType = sourcecode.swift; path = StopModel.swift; sourceTree = "<group>"; };
		28281400266B96D100D9CEBA /* DateFormatterExtension.swift */ = {isa = PBXFileReference; lastKnownFileType = sourcecode.swift; path = DateFormatterExtension.swift; sourceTree = "<group>"; };
		28281405266BBD2200D9CEBA /* DateExtension.swift */ = {isa = PBXFileReference; lastKnownFileType = sourcecode.swift; path = DateExtension.swift; sourceTree = "<group>"; };
		2828140D266BBF6E00D9CEBA /* DoubleExtension.swift */ = {isa = PBXFileReference; lastKnownFileType = sourcecode.swift; path = DoubleExtension.swift; sourceTree = "<group>"; };
		2839518B26679260001E1B1A /* Maps_code.app */ = {isa = PBXFileReference; explicitFileType = wrapper.application; includeInIndex = 0; path = Maps_code.app; sourceTree = BUILT_PRODUCTS_DIR; };
		2839518E26679260001E1B1A /* AppDelegate.swift */ = {isa = PBXFileReference; lastKnownFileType = sourcecode.swift; path = AppDelegate.swift; sourceTree = "<group>"; };
		2839519026679260001E1B1A /* SceneDelegate.swift */ = {isa = PBXFileReference; lastKnownFileType = sourcecode.swift; path = SceneDelegate.swift; sourceTree = "<group>"; };
		2839519226679260001E1B1A /* MapsViewController.swift */ = {isa = PBXFileReference; lastKnownFileType = sourcecode.swift; path = MapsViewController.swift; sourceTree = "<group>"; };
		2839519526679260001E1B1A /* Base */ = {isa = PBXFileReference; lastKnownFileType = file.storyboard; name = Base; path = Base.lproj/MapsViewController.storyboard; sourceTree = "<group>"; };
		2839519726679263001E1B1A /* Assets.xcassets */ = {isa = PBXFileReference; lastKnownFileType = folder.assetcatalog; path = Assets.xcassets; sourceTree = "<group>"; };
		2839519A26679263001E1B1A /* Base */ = {isa = PBXFileReference; lastKnownFileType = file.storyboard; name = Base; path = Base.lproj/LaunchScreen.storyboard; sourceTree = "<group>"; };
		2839519C26679263001E1B1A /* Info.plist */ = {isa = PBXFileReference; lastKnownFileType = text.plist.xml; path = Info.plist; sourceTree = "<group>"; };
		283951A126679263001E1B1A /* Maps_codeTests.xctest */ = {isa = PBXFileReference; explicitFileType = wrapper.cfbundle; includeInIndex = 0; path = Maps_codeTests.xctest; sourceTree = BUILT_PRODUCTS_DIR; };
		283951A526679263001E1B1A /* Maps_codeTests.swift */ = {isa = PBXFileReference; lastKnownFileType = sourcecode.swift; path = Maps_codeTests.swift; sourceTree = "<group>"; };
		283951A726679263001E1B1A /* Info.plist */ = {isa = PBXFileReference; lastKnownFileType = text.plist.xml; path = Info.plist; sourceTree = "<group>"; };
		283951AC26679264001E1B1A /* Maps_codeUITests.xctest */ = {isa = PBXFileReference; explicitFileType = wrapper.cfbundle; includeInIndex = 0; path = Maps_codeUITests.xctest; sourceTree = BUILT_PRODUCTS_DIR; };
		283951B026679264001E1B1A /* Maps_codeUITests.swift */ = {isa = PBXFileReference; lastKnownFileType = sourcecode.swift; path = Maps_codeUITests.swift; sourceTree = "<group>"; };
		283951B226679264001E1B1A /* Info.plist */ = {isa = PBXFileReference; lastKnownFileType = text.plist.xml; path = Info.plist; sourceTree = "<group>"; };
		283CB3BF266A581F0092593D /* TripsModel.swift */ = {isa = PBXFileReference; lastKnownFileType = sourcecode.swift; path = TripsModel.swift; sourceTree = "<group>"; };
		286944DE26691C2E00FD98DF /* MapsViewModel.swift */ = {isa = PBXFileReference; lastKnownFileType = sourcecode.swift; path = MapsViewModel.swift; sourceTree = "<group>"; };
		286944E626691E2500FD98DF /* TripsServiceModel.swift */ = {isa = PBXFileReference; lastKnownFileType = sourcecode.swift; path = TripsServiceModel.swift; sourceTree = "<group>"; };
		28901F322668D8ED00A051E8 /* MapsView.swift */ = {isa = PBXFileReference; lastKnownFileType = sourcecode.swift; path = MapsView.swift; sourceTree = "<group>"; };
		28901F5326690D3800A051E8 /* ApiRestManager.swift */ = {isa = PBXFileReference; lastKnownFileType = sourcecode.swift; path = ApiRestManager.swift; sourceTree = "<group>"; };
		4925415AF19F00FC8A276F2E /* Pods-Maps_code.release.xcconfig */ = {isa = PBXFileReference; includeInIndex = 1; lastKnownFileType = text.xcconfig; name = "Pods-Maps_code.release.xcconfig"; path = "Target Support Files/Pods-Maps_code/Pods-Maps_code.release.xcconfig"; sourceTree = "<group>"; };
		4CC74E58094EBBD726324E05 /* Pods_Maps_code.framework */ = {isa = PBXFileReference; explicitFileType = wrapper.framework; includeInIndex = 0; path = Pods_Maps_code.framework; sourceTree = BUILT_PRODUCTS_DIR; };
		6C64E19C3AF193BC1320F897 /* Pods_Maps_codeTests.framework */ = {isa = PBXFileReference; explicitFileType = wrapper.framework; includeInIndex = 0; path = Pods_Maps_codeTests.framework; sourceTree = BUILT_PRODUCTS_DIR; };
		93CE093CE41588D1E3A7E354 /* Pods-Maps_code.debug.xcconfig */ = {isa = PBXFileReference; includeInIndex = 1; lastKnownFileType = text.xcconfig; name = "Pods-Maps_code.debug.xcconfig"; path = "Target Support Files/Pods-Maps_code/Pods-Maps_code.debug.xcconfig"; sourceTree = "<group>"; };
		9514D76F26E10CAA3F14A045 /* Pods_Maps_code_Maps_codeUITests.framework */ = {isa = PBXFileReference; explicitFileType = wrapper.framework; includeInIndex = 0; path = Pods_Maps_code_Maps_codeUITests.framework; sourceTree = BUILT_PRODUCTS_DIR; };
		97A5D9E21F79D8983EE83415 /* Pods-Maps_codeTests.release.xcconfig */ = {isa = PBXFileReference; includeInIndex = 1; lastKnownFileType = text.xcconfig; name = "Pods-Maps_codeTests.release.xcconfig"; path = "Target Support Files/Pods-Maps_codeTests/Pods-Maps_codeTests.release.xcconfig"; sourceTree = "<group>"; };
		9EEB905407CFCA9A9C0E2844 /* Pods-Maps_codeTests.debug.xcconfig */ = {isa = PBXFileReference; includeInIndex = 1; lastKnownFileType = text.xcconfig; name = "Pods-Maps_codeTests.debug.xcconfig"; path = "Target Support Files/Pods-Maps_codeTests/Pods-Maps_codeTests.debug.xcconfig"; sourceTree = "<group>"; };
		D16CB82A624C0583E4307E3A /* Pods-Maps_code-Maps_codeUITests.release.xcconfig */ = {isa = PBXFileReference; includeInIndex = 1; lastKnownFileType = text.xcconfig; name = "Pods-Maps_code-Maps_codeUITests.release.xcconfig"; path = "Target Support Files/Pods-Maps_code-Maps_codeUITests/Pods-Maps_code-Maps_codeUITests.release.xcconfig"; sourceTree = "<group>"; };
		F4960A52B0BB7CEFF381E5BD /* Pods-Maps_code-Maps_codeUITests.debug.xcconfig */ = {isa = PBXFileReference; includeInIndex = 1; lastKnownFileType = text.xcconfig; name = "Pods-Maps_code-Maps_codeUITests.debug.xcconfig"; path = "Target Support Files/Pods-Maps_code-Maps_codeUITests/Pods-Maps_code-Maps_codeUITests.debug.xcconfig"; sourceTree = "<group>"; };
/* End PBXFileReference section */

/* Begin PBXFrameworksBuildPhase section */
		2839518826679260001E1B1A /* Frameworks */ = {
			isa = PBXFrameworksBuildPhase;
			buildActionMask = 2147483647;
			files = (
				282813C4266A7BA600D9CEBA /* Polyline in Frameworks */,
				7DEB8A8850BBF424A06D7889 /* Pods_Maps_code.framework in Frameworks */,
			);
			runOnlyForDeploymentPostprocessing = 0;
		};
		2839519E26679263001E1B1A /* Frameworks */ = {
			isa = PBXFrameworksBuildPhase;
			buildActionMask = 2147483647;
			files = (
				5F3AAE1FC1693CE215DFD421 /* Pods_Maps_codeTests.framework in Frameworks */,
			);
			runOnlyForDeploymentPostprocessing = 0;
		};
		283951A926679264001E1B1A /* Frameworks */ = {
			isa = PBXFrameworksBuildPhase;
			buildActionMask = 2147483647;
			files = (
				4B6DF7361368A07B783D9E0F /* Pods_Maps_code_Maps_codeUITests.framework in Frameworks */,
			);
			runOnlyForDeploymentPostprocessing = 0;
		};
/* End PBXFrameworksBuildPhase section */

/* Begin PBXGroup section */
		2808F7B7266A387C0099E1E7 /* TableViewCells */ = {
			isa = PBXGroup;
			children = (
				2808F7B9266A38A70099E1E7 /* TripsTableViewCell */,
			);
			path = TableViewCells;
			sourceTree = "<group>";
		};
		2808F7B9266A38A70099E1E7 /* TripsTableViewCell */ = {
			isa = PBXGroup;
			children = (
				2808F7BA266A38DE0099E1E7 /* TripsTableViewCell.swift */,
				2808F7BB266A38DE0099E1E7 /* TripsTableViewCell.xib */,
			);
			path = TripsTableViewCell;
			sourceTree = "<group>";
		};
		2808F7C1266A3E590099E1E7 /* Localizable Strings */ = {
			isa = PBXGroup;
			children = (
				2808F7CC266A3E8D0099E1E7 /* Localizable.strings */,
			);
			path = "Localizable Strings";
			sourceTree = "<group>";
		};
		282813FF266B96B100D9CEBA /* Extension */ = {
			isa = PBXGroup;
			children = (
				28281400266B96D100D9CEBA /* DateFormatterExtension.swift */,
				28281405266BBD2200D9CEBA /* DateExtension.swift */,
				2828140D266BBF6E00D9CEBA /* DoubleExtension.swift */,
			);
			path = Extension;
			sourceTree = "<group>";
		};
		283951822667925F001E1B1A = {
			isa = PBXGroup;
			children = (
				2839518D26679260001E1B1A /* Maps_code */,
				283951A426679263001E1B1A /* Maps_codeTests */,
				283951AF26679264001E1B1A /* Maps_codeUITests */,
				2839518C26679260001E1B1A /* Products */,
				E5E0233BCF890D27F1EEC5F2 /* Pods */,
				E6840DAED447E2A914245BAD /* Frameworks */,
			);
			sourceTree = "<group>";
		};
		2839518C26679260001E1B1A /* Products */ = {
			isa = PBXGroup;
			children = (
				2839518B26679260001E1B1A /* Maps_code.app */,
				283951A126679263001E1B1A /* Maps_codeTests.xctest */,
				283951AC26679264001E1B1A /* Maps_codeUITests.xctest */,
			);
			name = Products;
			sourceTree = "<group>";
		};
		2839518D26679260001E1B1A /* Maps_code */ = {
			isa = PBXGroup;
			children = (
				286944E426691D7300FD98DF /* Commons */,
				28901F4B26690D1300A051E8 /* Core */,
				28901F2A2668D60700A051E8 /* Feature */,
				2839519726679263001E1B1A /* Assets.xcassets */,
				2839519926679263001E1B1A /* LaunchScreen.storyboard */,
				2839519C26679263001E1B1A /* Info.plist */,
			);
			path = Maps_code;
			sourceTree = "<group>";
		};
		283951A426679263001E1B1A /* Maps_codeTests */ = {
			isa = PBXGroup;
			children = (
				283951A526679263001E1B1A /* Maps_codeTests.swift */,
				283951A726679263001E1B1A /* Info.plist */,
			);
			path = Maps_codeTests;
			sourceTree = "<group>";
		};
		283951AF26679264001E1B1A /* Maps_codeUITests */ = {
			isa = PBXGroup;
			children = (
				283951B026679264001E1B1A /* Maps_codeUITests.swift */,
				283951B226679264001E1B1A /* Info.plist */,
			);
			path = Maps_codeUITests;
			sourceTree = "<group>";
		};
		286944E426691D7300FD98DF /* Commons */ = {
			isa = PBXGroup;
			children = (
				2839518E26679260001E1B1A /* AppDelegate.swift */,
				2839519026679260001E1B1A /* SceneDelegate.swift */,
			);
			path = Commons;
			sourceTree = "<group>";
		};
		286944E526691D8300FD98DF /* Models */ = {
			isa = PBXGroup;
			children = (
				286944E626691E2500FD98DF /* TripsServiceModel.swift */,
				283CB3BF266A581F0092593D /* TripsModel.swift */,
				282813F5266B932F00D9CEBA /* StopServiceModel.swift */,
				282813FA266B957F00D9CEBA /* StopModel.swift */,
			);
			path = Models;
			sourceTree = "<group>";
		};
		28901F2A2668D60700A051E8 /* Feature */ = {
			isa = PBXGroup;
			children = (
				28901F2B2668D61000A051E8 /* MapsView */,
			);
			path = Feature;
			sourceTree = "<group>";
		};
		28901F2B2668D61000A051E8 /* MapsView */ = {
			isa = PBXGroup;
			children = (
				2808F7B7266A387C0099E1E7 /* TableViewCells */,
				286944E526691D8300FD98DF /* Models */,
				28901F2E2668D63400A051E8 /* viewModel */,
				28901F2D2668D62D00A051E8 /* view */,
				28901F2C2668D62000A051E8 /* viewController */,
			);
			path = MapsView;
			sourceTree = "<group>";
		};
		28901F2C2668D62000A051E8 /* viewController */ = {
			isa = PBXGroup;
			children = (
				2839519226679260001E1B1A /* MapsViewController.swift */,
			);
			path = viewController;
			sourceTree = "<group>";
		};
		28901F2D2668D62D00A051E8 /* view */ = {
			isa = PBXGroup;
			children = (
				2839519426679260001E1B1A /* MapsViewController.storyboard */,
				28901F322668D8ED00A051E8 /* MapsView.swift */,
				282813CB266B7E0E00D9CEBA /* MarkerView.swift */,
				282813D0266B7E1C00D9CEBA /* MarkerView.xib */,
			);
			path = view;
			sourceTree = "<group>";
		};
		28901F2E2668D63400A051E8 /* viewModel */ = {
			isa = PBXGroup;
			children = (
				286944DE26691C2E00FD98DF /* MapsViewModel.swift */,
				2808F7D0266A423E0099E1E7 /* TripsTableViewDataSource.swift */,
			);
			path = viewModel;
			sourceTree = "<group>";
		};
		28901F4B26690D1300A051E8 /* Core */ = {
			isa = PBXGroup;
			children = (
				282813FF266B96B100D9CEBA /* Extension */,
				2808F7C1266A3E590099E1E7 /* Localizable Strings */,
				28901F4F26690D1F00A051E8 /* Services */,
			);
			path = Core;
			sourceTree = "<group>";
		};
		28901F4F26690D1F00A051E8 /* Services */ = {
			isa = PBXGroup;
			children = (
				28901F5326690D3800A051E8 /* ApiRestManager.swift */,
				282813E8266B91E300D9CEBA /* RestConfiguration.swift */,
			);
			path = Services;
			sourceTree = "<group>";
		};
		E5E0233BCF890D27F1EEC5F2 /* Pods */ = {
			isa = PBXGroup;
			children = (
				93CE093CE41588D1E3A7E354 /* Pods-Maps_code.debug.xcconfig */,
				4925415AF19F00FC8A276F2E /* Pods-Maps_code.release.xcconfig */,
				F4960A52B0BB7CEFF381E5BD /* Pods-Maps_code-Maps_codeUITests.debug.xcconfig */,
				D16CB82A624C0583E4307E3A /* Pods-Maps_code-Maps_codeUITests.release.xcconfig */,
				9EEB905407CFCA9A9C0E2844 /* Pods-Maps_codeTests.debug.xcconfig */,
				97A5D9E21F79D8983EE83415 /* Pods-Maps_codeTests.release.xcconfig */,
			);
			path = Pods;
			sourceTree = "<group>";
		};
		E6840DAED447E2A914245BAD /* Frameworks */ = {
			isa = PBXGroup;
			children = (
				4CC74E58094EBBD726324E05 /* Pods_Maps_code.framework */,
				9514D76F26E10CAA3F14A045 /* Pods_Maps_code_Maps_codeUITests.framework */,
				6C64E19C3AF193BC1320F897 /* Pods_Maps_codeTests.framework */,
			);
			name = Frameworks;
			sourceTree = "<group>";
		};
/* End PBXGroup section */

/* Begin PBXNativeTarget section */
		2839518A26679260001E1B1A /* Maps_code */ = {
			isa = PBXNativeTarget;
			buildConfigurationList = 283951B526679264001E1B1A /* Build configuration list for PBXNativeTarget "Maps_code" */;
			buildPhases = (
				C984E6D8DFECCB8D20C63D96 /* [CP] Check Pods Manifest.lock */,
				2839518726679260001E1B1A /* Sources */,
				2839518826679260001E1B1A /* Frameworks */,
				2839518926679260001E1B1A /* Resources */,
				78215B1657CE97D048C73941 /* [CP] Copy Pods Resources */,
				997A360F9FB206E5DB1B5702 /* [CP] Embed Pods Frameworks */,
			);
			buildRules = (
			);
			dependencies = (
			);
			name = Maps_code;
			packageProductDependencies = (
				282813C3266A7BA600D9CEBA /* Polyline */,
			);
			productName = Maps_code;
			productReference = 2839518B26679260001E1B1A /* Maps_code.app */;
			productType = "com.apple.product-type.application";
		};
		283951A026679263001E1B1A /* Maps_codeTests */ = {
			isa = PBXNativeTarget;
			buildConfigurationList = 283951B826679264001E1B1A /* Build configuration list for PBXNativeTarget "Maps_codeTests" */;
			buildPhases = (
				029F5265CC2633B131F524D2 /* [CP] Check Pods Manifest.lock */,
				2839519D26679263001E1B1A /* Sources */,
				2839519E26679263001E1B1A /* Frameworks */,
				2839519F26679263001E1B1A /* Resources */,
			);
			buildRules = (
			);
			dependencies = (
				283951A326679263001E1B1A /* PBXTargetDependency */,
			);
			name = Maps_codeTests;
			productName = Maps_codeTests;
			productReference = 283951A126679263001E1B1A /* Maps_codeTests.xctest */;
			productType = "com.apple.product-type.bundle.unit-test";
		};
		283951AB26679264001E1B1A /* Maps_codeUITests */ = {
			isa = PBXNativeTarget;
			buildConfigurationList = 283951BB26679264001E1B1A /* Build configuration list for PBXNativeTarget "Maps_codeUITests" */;
			buildPhases = (
				BD1CDEE7642C02D20FB31A5D /* [CP] Check Pods Manifest.lock */,
				283951A826679264001E1B1A /* Sources */,
				283951A926679264001E1B1A /* Frameworks */,
				283951AA26679264001E1B1A /* Resources */,
				2B2711E08317AF6A6CEB92F5 /* [CP] Copy Pods Resources */,
				E308CC56449705728202B6A1 /* [CP] Embed Pods Frameworks */,
			);
			buildRules = (
			);
			dependencies = (
				283951AE26679264001E1B1A /* PBXTargetDependency */,
			);
			name = Maps_codeUITests;
			productName = Maps_codeUITests;
			productReference = 283951AC26679264001E1B1A /* Maps_codeUITests.xctest */;
			productType = "com.apple.product-type.bundle.ui-testing";
		};
/* End PBXNativeTarget section */

/* Begin PBXProject section */
		283951832667925F001E1B1A /* Project object */ = {
			isa = PBXProject;
			attributes = {
				LastSwiftUpdateCheck = 1240;
				LastUpgradeCheck = 1240;
				TargetAttributes = {
					2839518A26679260001E1B1A = {
						CreatedOnToolsVersion = 12.4;
					};
					283951A026679263001E1B1A = {
						CreatedOnToolsVersion = 12.4;
						TestTargetID = 2839518A26679260001E1B1A;
					};
					283951AB26679264001E1B1A = {
						CreatedOnToolsVersion = 12.4;
						TestTargetID = 2839518A26679260001E1B1A;
					};
				};
			};
			buildConfigurationList = 283951862667925F001E1B1A /* Build configuration list for PBXProject "Maps_code" */;
			compatibilityVersion = "Xcode 9.3";
			developmentRegion = en;
			hasScannedForEncodings = 0;
			knownRegions = (
				en,
				Base,
			);
			mainGroup = 283951822667925F001E1B1A;
			packageReferences = (
				282813C2266A7BA600D9CEBA /* XCRemoteSwiftPackageReference "Polyline" */,
			);
			productRefGroup = 2839518C26679260001E1B1A /* Products */;
			projectDirPath = "";
			projectRoot = "";
			targets = (
				2839518A26679260001E1B1A /* Maps_code */,
				283951A026679263001E1B1A /* Maps_codeTests */,
				283951AB26679264001E1B1A /* Maps_codeUITests */,
			);
		};
/* End PBXProject section */

/* Begin PBXResourcesBuildPhase section */
		2839518926679260001E1B1A /* Resources */ = {
			isa = PBXResourcesBuildPhase;
			buildActionMask = 2147483647;
			files = (
				282813D1266B7E1C00D9CEBA /* MarkerView.xib in Resources */,
				2808F7CA266A3E8D0099E1E7 /* Localizable.strings in Resources */,
				2808F7BD266A38DE0099E1E7 /* TripsTableViewCell.xib in Resources */,
				2839519B26679263001E1B1A /* LaunchScreen.storyboard in Resources */,
				2839519826679263001E1B1A /* Assets.xcassets in Resources */,
				2839519626679260001E1B1A /* MapsViewController.storyboard in Resources */,
			);
			runOnlyForDeploymentPostprocessing = 0;
		};
		2839519F26679263001E1B1A /* Resources */ = {
			isa = PBXResourcesBuildPhase;
			buildActionMask = 2147483647;
			files = (
			);
			runOnlyForDeploymentPostprocessing = 0;
		};
		283951AA26679264001E1B1A /* Resources */ = {
			isa = PBXResourcesBuildPhase;
			buildActionMask = 2147483647;
			files = (
			);
			runOnlyForDeploymentPostprocessing = 0;
		};
/* End PBXResourcesBuildPhase section */

/* Begin PBXShellScriptBuildPhase section */
		029F5265CC2633B131F524D2 /* [CP] Check Pods Manifest.lock */ = {
			isa = PBXShellScriptBuildPhase;
			buildActionMask = 2147483647;
			files = (
			);
			inputFileListPaths = (
			);
			inputPaths = (
				"${PODS_PODFILE_DIR_PATH}/Podfile.lock",
				"${PODS_ROOT}/Manifest.lock",
			);
			name = "[CP] Check Pods Manifest.lock";
			outputFileListPaths = (
			);
			outputPaths = (
				"$(DERIVED_FILE_DIR)/Pods-Maps_codeTests-checkManifestLockResult.txt",
			);
			runOnlyForDeploymentPostprocessing = 0;
			shellPath = /bin/sh;
			shellScript = "diff \"${PODS_PODFILE_DIR_PATH}/Podfile.lock\" \"${PODS_ROOT}/Manifest.lock\" > /dev/null\nif [ $? != 0 ] ; then\n    # print error to STDERR\n    echo \"error: The sandbox is not in sync with the Podfile.lock. Run 'pod install' or update your CocoaPods installation.\" >&2\n    exit 1\nfi\n# This output is used by Xcode 'outputs' to avoid re-running this script phase.\necho \"SUCCESS\" > \"${SCRIPT_OUTPUT_FILE_0}\"\n";
			showEnvVarsInLog = 0;
		};
		2B2711E08317AF6A6CEB92F5 /* [CP] Copy Pods Resources */ = {
			isa = PBXShellScriptBuildPhase;
			buildActionMask = 2147483647;
			files = (
			);
			inputFileListPaths = (
				"${PODS_ROOT}/Target Support Files/Pods-Maps_code-Maps_codeUITests/Pods-Maps_code-Maps_codeUITests-resources-${CONFIGURATION}-input-files.xcfilelist",
			);
			name = "[CP] Copy Pods Resources";
			outputFileListPaths = (
				"${PODS_ROOT}/Target Support Files/Pods-Maps_code-Maps_codeUITests/Pods-Maps_code-Maps_codeUITests-resources-${CONFIGURATION}-output-files.xcfilelist",
			);
			runOnlyForDeploymentPostprocessing = 0;
			shellPath = /bin/sh;
			shellScript = "\"${PODS_ROOT}/Target Support Files/Pods-Maps_code-Maps_codeUITests/Pods-Maps_code-Maps_codeUITests-resources.sh\"\n";
			showEnvVarsInLog = 0;
		};
		78215B1657CE97D048C73941 /* [CP] Copy Pods Resources */ = {
			isa = PBXShellScriptBuildPhase;
			buildActionMask = 2147483647;
			files = (
			);
			inputFileListPaths = (
				"${PODS_ROOT}/Target Support Files/Pods-Maps_code/Pods-Maps_code-resources-${CONFIGURATION}-input-files.xcfilelist",
			);
			name = "[CP] Copy Pods Resources";
			outputFileListPaths = (
				"${PODS_ROOT}/Target Support Files/Pods-Maps_code/Pods-Maps_code-resources-${CONFIGURATION}-output-files.xcfilelist",
			);
			runOnlyForDeploymentPostprocessing = 0;
			shellPath = /bin/sh;
			shellScript = "\"${PODS_ROOT}/Target Support Files/Pods-Maps_code/Pods-Maps_code-resources.sh\"\n";
			showEnvVarsInLog = 0;
		};
		997A360F9FB206E5DB1B5702 /* [CP] Embed Pods Frameworks */ = {
			isa = PBXShellScriptBuildPhase;
			buildActionMask = 2147483647;
			files = (
			);
			inputFileListPaths = (
				"${PODS_ROOT}/Target Support Files/Pods-Maps_code/Pods-Maps_code-frameworks-${CONFIGURATION}-input-files.xcfilelist",
			);
			name = "[CP] Embed Pods Frameworks";
			outputFileListPaths = (
				"${PODS_ROOT}/Target Support Files/Pods-Maps_code/Pods-Maps_code-frameworks-${CONFIGURATION}-output-files.xcfilelist",
			);
			runOnlyForDeploymentPostprocessing = 0;
			shellPath = /bin/sh;
			shellScript = "\"${PODS_ROOT}/Target Support Files/Pods-Maps_code/Pods-Maps_code-frameworks.sh\"\n";
			showEnvVarsInLog = 0;
		};
		BD1CDEE7642C02D20FB31A5D /* [CP] Check Pods Manifest.lock */ = {
			isa = PBXShellScriptBuildPhase;
			buildActionMask = 2147483647;
			files = (
			);
			inputFileListPaths = (
			);
			inputPaths = (
				"${PODS_PODFILE_DIR_PATH}/Podfile.lock",
				"${PODS_ROOT}/Manifest.lock",
			);
			name = "[CP] Check Pods Manifest.lock";
			outputFileListPaths = (
			);
			outputPaths = (
				"$(DERIVED_FILE_DIR)/Pods-Maps_code-Maps_codeUITests-checkManifestLockResult.txt",
			);
			runOnlyForDeploymentPostprocessing = 0;
			shellPath = /bin/sh;
			shellScript = "diff \"${PODS_PODFILE_DIR_PATH}/Podfile.lock\" \"${PODS_ROOT}/Manifest.lock\" > /dev/null\nif [ $? != 0 ] ; then\n    # print error to STDERR\n    echo \"error: The sandbox is not in sync with the Podfile.lock. Run 'pod install' or update your CocoaPods installation.\" >&2\n    exit 1\nfi\n# This output is used by Xcode 'outputs' to avoid re-running this script phase.\necho \"SUCCESS\" > \"${SCRIPT_OUTPUT_FILE_0}\"\n";
			showEnvVarsInLog = 0;
		};
		C984E6D8DFECCB8D20C63D96 /* [CP] Check Pods Manifest.lock */ = {
			isa = PBXShellScriptBuildPhase;
			buildActionMask = 2147483647;
			files = (
			);
			inputFileListPaths = (
			);
			inputPaths = (
				"${PODS_PODFILE_DIR_PATH}/Podfile.lock",
				"${PODS_ROOT}/Manifest.lock",
			);
			name = "[CP] Check Pods Manifest.lock";
			outputFileListPaths = (
			);
			outputPaths = (
				"$(DERIVED_FILE_DIR)/Pods-Maps_code-checkManifestLockResult.txt",
			);
			runOnlyForDeploymentPostprocessing = 0;
			shellPath = /bin/sh;
			shellScript = "diff \"${PODS_PODFILE_DIR_PATH}/Podfile.lock\" \"${PODS_ROOT}/Manifest.lock\" > /dev/null\nif [ $? != 0 ] ; then\n    # print error to STDERR\n    echo \"error: The sandbox is not in sync with the Podfile.lock. Run 'pod install' or update your CocoaPods installation.\" >&2\n    exit 1\nfi\n# This output is used by Xcode 'outputs' to avoid re-running this script phase.\necho \"SUCCESS\" > \"${SCRIPT_OUTPUT_FILE_0}\"\n";
			showEnvVarsInLog = 0;
		};
		E308CC56449705728202B6A1 /* [CP] Embed Pods Frameworks */ = {
			isa = PBXShellScriptBuildPhase;
			buildActionMask = 2147483647;
			files = (
			);
			inputFileListPaths = (
				"${PODS_ROOT}/Target Support Files/Pods-Maps_code-Maps_codeUITests/Pods-Maps_code-Maps_codeUITests-frameworks-${CONFIGURATION}-input-files.xcfilelist",
			);
			name = "[CP] Embed Pods Frameworks";
			outputFileListPaths = (
				"${PODS_ROOT}/Target Support Files/Pods-Maps_code-Maps_codeUITests/Pods-Maps_code-Maps_codeUITests-frameworks-${CONFIGURATION}-output-files.xcfilelist",
			);
			runOnlyForDeploymentPostprocessing = 0;
			shellPath = /bin/sh;
			shellScript = "\"${PODS_ROOT}/Target Support Files/Pods-Maps_code-Maps_codeUITests/Pods-Maps_code-Maps_codeUITests-frameworks.sh\"\n";
			showEnvVarsInLog = 0;
		};
/* End PBXShellScriptBuildPhase section */

/* Begin PBXSourcesBuildPhase section */
		2839518726679260001E1B1A /* Sources */ = {
			isa = PBXSourcesBuildPhase;
			buildActionMask = 2147483647;
			files = (
				2808F7BC266A38DE0099E1E7 /* TripsTableViewCell.swift in Sources */,
				2828140E266BBF6E00D9CEBA /* DoubleExtension.swift in Sources */,
				28281401266B96D100D9CEBA /* DateFormatterExtension.swift in Sources */,
				2808F7D1266A423E0099E1E7 /* TripsTableViewDataSource.swift in Sources */,
				28901F5426690D3800A051E8 /* ApiRestManager.swift in Sources */,
				2839519326679260001E1B1A /* MapsViewController.swift in Sources */,
				282813F6266B932F00D9CEBA /* StopServiceModel.swift in Sources */,
				282813E9266B91E300D9CEBA /* RestConfiguration.swift in Sources */,
				283CB3C0266A581F0092593D /* TripsModel.swift in Sources */,
				28901F332668D8ED00A051E8 /* MapsView.swift in Sources */,
				28281406266BBD2200D9CEBA /* DateExtension.swift in Sources */,
				282813CC266B7E0E00D9CEBA /* MarkerView.swift in Sources */,
				286944DF26691C2E00FD98DF /* MapsViewModel.swift in Sources */,
				286944E726691E2500FD98DF /* TripsServiceModel.swift in Sources */,
				2839518F26679260001E1B1A /* AppDelegate.swift in Sources */,
				2839519126679260001E1B1A /* SceneDelegate.swift in Sources */,
				282813FB266B957F00D9CEBA /* StopModel.swift in Sources */,
			);
			runOnlyForDeploymentPostprocessing = 0;
		};
		2839519D26679263001E1B1A /* Sources */ = {
			isa = PBXSourcesBuildPhase;
			buildActionMask = 2147483647;
			files = (
				283951A626679263001E1B1A /* Maps_codeTests.swift in Sources */,
			);
			runOnlyForDeploymentPostprocessing = 0;
		};
		283951A826679264001E1B1A /* Sources */ = {
			isa = PBXSourcesBuildPhase;
			buildActionMask = 2147483647;
			files = (
				283951B126679264001E1B1A /* Maps_codeUITests.swift in Sources */,
			);
			runOnlyForDeploymentPostprocessing = 0;
		};
/* End PBXSourcesBuildPhase section */

/* Begin PBXTargetDependency section */
		283951A326679263001E1B1A /* PBXTargetDependency */ = {
			isa = PBXTargetDependency;
			target = 2839518A26679260001E1B1A /* Maps_code */;
			targetProxy = 283951A226679263001E1B1A /* PBXContainerItemProxy */;
		};
		283951AE26679264001E1B1A /* PBXTargetDependency */ = {
			isa = PBXTargetDependency;
			target = 2839518A26679260001E1B1A /* Maps_code */;
			targetProxy = 283951AD26679264001E1B1A /* PBXContainerItemProxy */;
		};
/* End PBXTargetDependency section */

/* Begin PBXVariantGroup section */
		2808F7CC266A3E8D0099E1E7 /* Localizable.strings */ = {
			isa = PBXVariantGroup;
			children = (
				2808F7CB266A3E8D0099E1E7 /* en */,
				2808F7D8266A4D440099E1E7 /* Base */,
			);
			name = Localizable.strings;
			sourceTree = "<group>";
		};
		2839519426679260001E1B1A /* MapsViewController.storyboard */ = {
			isa = PBXVariantGroup;
			children = (
				2839519526679260001E1B1A /* Base */,
			);
			name = MapsViewController.storyboard;
			sourceTree = "<group>";
		};
		2839519926679263001E1B1A /* LaunchScreen.storyboard */ = {
			isa = PBXVariantGroup;
			children = (
				2839519A26679263001E1B1A /* Base */,
			);
			name = LaunchScreen.storyboard;
			sourceTree = "<group>";
		};
/* End PBXVariantGroup section */

/* Begin XCBuildConfiguration section */
		283951B326679264001E1B1A /* Debug */ = {
			isa = XCBuildConfiguration;
			buildSettings = {
				ALWAYS_SEARCH_USER_PATHS = NO;
				CLANG_ANALYZER_NONNULL = YES;
				CLANG_ANALYZER_NUMBER_OBJECT_CONVERSION = YES_AGGRESSIVE;
				CLANG_CXX_LANGUAGE_STANDARD = "gnu++14";
				CLANG_CXX_LIBRARY = "libc++";
				CLANG_ENABLE_MODULES = YES;
				CLANG_ENABLE_OBJC_ARC = YES;
				CLANG_ENABLE_OBJC_WEAK = YES;
				CLANG_WARN_BLOCK_CAPTURE_AUTORELEASING = YES;
				CLANG_WARN_BOOL_CONVERSION = YES;
				CLANG_WARN_COMMA = YES;
				CLANG_WARN_CONSTANT_CONVERSION = YES;
				CLANG_WARN_DEPRECATED_OBJC_IMPLEMENTATIONS = YES;
				CLANG_WARN_DIRECT_OBJC_ISA_USAGE = YES_ERROR;
				CLANG_WARN_DOCUMENTATION_COMMENTS = YES;
				CLANG_WARN_EMPTY_BODY = YES;
				CLANG_WARN_ENUM_CONVERSION = YES;
				CLANG_WARN_INFINITE_RECURSION = YES;
				CLANG_WARN_INT_CONVERSION = YES;
				CLANG_WARN_NON_LITERAL_NULL_CONVERSION = YES;
				CLANG_WARN_OBJC_IMPLICIT_RETAIN_SELF = YES;
				CLANG_WARN_OBJC_LITERAL_CONVERSION = YES;
				CLANG_WARN_OBJC_ROOT_CLASS = YES_ERROR;
				CLANG_WARN_QUOTED_INCLUDE_IN_FRAMEWORK_HEADER = YES;
				CLANG_WARN_RANGE_LOOP_ANALYSIS = YES;
				CLANG_WARN_STRICT_PROTOTYPES = YES;
				CLANG_WARN_SUSPICIOUS_MOVE = YES;
				CLANG_WARN_UNGUARDED_AVAILABILITY = YES_AGGRESSIVE;
				CLANG_WARN_UNREACHABLE_CODE = YES;
				CLANG_WARN__DUPLICATE_METHOD_MATCH = YES;
				COPY_PHASE_STRIP = NO;
				DEBUG_INFORMATION_FORMAT = dwarf;
				ENABLE_STRICT_OBJC_MSGSEND = YES;
				ENABLE_TESTABILITY = YES;
				GCC_C_LANGUAGE_STANDARD = gnu11;
				GCC_DYNAMIC_NO_PIC = NO;
				GCC_NO_COMMON_BLOCKS = YES;
				GCC_OPTIMIZATION_LEVEL = 0;
				GCC_PREPROCESSOR_DEFINITIONS = (
					"DEBUG=1",
					"$(inherited)",
				);
				GCC_WARN_64_TO_32_BIT_CONVERSION = YES;
				GCC_WARN_ABOUT_RETURN_TYPE = YES_ERROR;
				GCC_WARN_UNDECLARED_SELECTOR = YES;
				GCC_WARN_UNINITIALIZED_AUTOS = YES_AGGRESSIVE;
				GCC_WARN_UNUSED_FUNCTION = YES;
				GCC_WARN_UNUSED_VARIABLE = YES;
				IPHONEOS_DEPLOYMENT_TARGET = 14.4;
				MTL_ENABLE_DEBUG_INFO = INCLUDE_SOURCE;
				MTL_FAST_MATH = YES;
				ONLY_ACTIVE_ARCH = YES;
				SDKROOT = iphoneos;
				SWIFT_ACTIVE_COMPILATION_CONDITIONS = DEBUG;
				SWIFT_OPTIMIZATION_LEVEL = "-Onone";
			};
			name = Debug;
		};
		283951B426679264001E1B1A /* Release */ = {
			isa = XCBuildConfiguration;
			buildSettings = {
				ALWAYS_SEARCH_USER_PATHS = NO;
				CLANG_ANALYZER_NONNULL = YES;
				CLANG_ANALYZER_NUMBER_OBJECT_CONVERSION = YES_AGGRESSIVE;
				CLANG_CXX_LANGUAGE_STANDARD = "gnu++14";
				CLANG_CXX_LIBRARY = "libc++";
				CLANG_ENABLE_MODULES = YES;
				CLANG_ENABLE_OBJC_ARC = YES;
				CLANG_ENABLE_OBJC_WEAK = YES;
				CLANG_WARN_BLOCK_CAPTURE_AUTORELEASING = YES;
				CLANG_WARN_BOOL_CONVERSION = YES;
				CLANG_WARN_COMMA = YES;
				CLANG_WARN_CONSTANT_CONVERSION = YES;
				CLANG_WARN_DEPRECATED_OBJC_IMPLEMENTATIONS = YES;
				CLANG_WARN_DIRECT_OBJC_ISA_USAGE = YES_ERROR;
				CLANG_WARN_DOCUMENTATION_COMMENTS = YES;
				CLANG_WARN_EMPTY_BODY = YES;
				CLANG_WARN_ENUM_CONVERSION = YES;
				CLANG_WARN_INFINITE_RECURSION = YES;
				CLANG_WARN_INT_CONVERSION = YES;
				CLANG_WARN_NON_LITERAL_NULL_CONVERSION = YES;
				CLANG_WARN_OBJC_IMPLICIT_RETAIN_SELF = YES;
				CLANG_WARN_OBJC_LITERAL_CONVERSION = YES;
				CLANG_WARN_OBJC_ROOT_CLASS = YES_ERROR;
				CLANG_WARN_QUOTED_INCLUDE_IN_FRAMEWORK_HEADER = YES;
				CLANG_WARN_RANGE_LOOP_ANALYSIS = YES;
				CLANG_WARN_STRICT_PROTOTYPES = YES;
				CLANG_WARN_SUSPICIOUS_MOVE = YES;
				CLANG_WARN_UNGUARDED_AVAILABILITY = YES_AGGRESSIVE;
				CLANG_WARN_UNREACHABLE_CODE = YES;
				CLANG_WARN__DUPLICATE_METHOD_MATCH = YES;
				COPY_PHASE_STRIP = NO;
				DEBUG_INFORMATION_FORMAT = "dwarf-with-dsym";
				ENABLE_NS_ASSERTIONS = NO;
				ENABLE_STRICT_OBJC_MSGSEND = YES;
				GCC_C_LANGUAGE_STANDARD = gnu11;
				GCC_NO_COMMON_BLOCKS = YES;
				GCC_WARN_64_TO_32_BIT_CONVERSION = YES;
				GCC_WARN_ABOUT_RETURN_TYPE = YES_ERROR;
				GCC_WARN_UNDECLARED_SELECTOR = YES;
				GCC_WARN_UNINITIALIZED_AUTOS = YES_AGGRESSIVE;
				GCC_WARN_UNUSED_FUNCTION = YES;
				GCC_WARN_UNUSED_VARIABLE = YES;
				IPHONEOS_DEPLOYMENT_TARGET = 14.4;
				MTL_ENABLE_DEBUG_INFO = NO;
				MTL_FAST_MATH = YES;
				SDKROOT = iphoneos;
				SWIFT_COMPILATION_MODE = wholemodule;
				SWIFT_OPTIMIZATION_LEVEL = "-O";
				VALIDATE_PRODUCT = YES;
			};
			name = Release;
		};
		283951B626679264001E1B1A /* Debug */ = {
			isa = XCBuildConfiguration;
			baseConfigurationReference = 93CE093CE41588D1E3A7E354 /* Pods-Maps_code.debug.xcconfig */;
			buildSettings = {
				ASSETCATALOG_COMPILER_APPICON_NAME = AppIcon;
				ASSETCATALOG_COMPILER_GLOBAL_ACCENT_COLOR_NAME = AccentColor;
				CODE_SIGN_STYLE = Automatic;
				DEVELOPMENT_TEAM = YRCYL6E362;
				INFOPLIST_FILE = Maps_code/Info.plist;
				LD_RUNPATH_SEARCH_PATHS = (
					"$(inherited)",
					"@executable_path/Frameworks",
				);
				PRODUCT_BUNDLE_IDENTIFIER = "agoferna.Maps-code";
				PRODUCT_NAME = "$(TARGET_NAME)";
				SWIFT_VERSION = 5.0;
				TARGETED_DEVICE_FAMILY = "1,2";
			};
			name = Debug;
		};
		283951B726679264001E1B1A /* Release */ = {
			isa = XCBuildConfiguration;
			baseConfigurationReference = 4925415AF19F00FC8A276F2E /* Pods-Maps_code.release.xcconfig */;
			buildSettings = {
				ASSETCATALOG_COMPILER_APPICON_NAME = AppIcon;
				ASSETCATALOG_COMPILER_GLOBAL_ACCENT_COLOR_NAME = AccentColor;
				CODE_SIGN_STYLE = Automatic;
				DEVELOPMENT_TEAM = YRCYL6E362;
				INFOPLIST_FILE = Maps_code/Info.plist;
				LD_RUNPATH_SEARCH_PATHS = (
					"$(inherited)",
					"@executable_path/Frameworks",
				);
				PRODUCT_BUNDLE_IDENTIFIER = "agoferna.Maps-code";
				PRODUCT_NAME = "$(TARGET_NAME)";
				SWIFT_VERSION = 5.0;
				TARGETED_DEVICE_FAMILY = "1,2";
			};
			name = Release;
		};
		283951B926679264001E1B1A /* Debug */ = {
			isa = XCBuildConfiguration;
			baseConfigurationReference = 9EEB905407CFCA9A9C0E2844 /* Pods-Maps_codeTests.debug.xcconfig */;
			buildSettings = {
				ALWAYS_EMBED_SWIFT_STANDARD_LIBRARIES = YES;
				BUNDLE_LOADER = "$(TEST_HOST)";
				CODE_SIGN_STYLE = Automatic;
				DEVELOPMENT_TEAM = YRCYL6E362;
				INFOPLIST_FILE = Maps_codeTests/Info.plist;
				IPHONEOS_DEPLOYMENT_TARGET = 14.4;
				LD_RUNPATH_SEARCH_PATHS = (
					"$(inherited)",
					"@executable_path/Frameworks",
					"@loader_path/Frameworks",
				);
				PRODUCT_BUNDLE_IDENTIFIER = "agoferna.Maps-codeTests";
				PRODUCT_NAME = "$(TARGET_NAME)";
				SWIFT_VERSION = 5.0;
				TARGETED_DEVICE_FAMILY = "1,2";
				TEST_HOST = "$(BUILT_PRODUCTS_DIR)/Maps_code.app/Maps_code";
			};
			name = Debug;
		};
		283951BA26679264001E1B1A /* Release */ = {
			isa = XCBuildConfiguration;
			baseConfigurationReference = 97A5D9E21F79D8983EE83415 /* Pods-Maps_codeTests.release.xcconfig */;
			buildSettings = {
				ALWAYS_EMBED_SWIFT_STANDARD_LIBRARIES = YES;
				BUNDLE_LOADER = "$(TEST_HOST)";
				CODE_SIGN_STYLE = Automatic;
				DEVELOPMENT_TEAM = YRCYL6E362;
				INFOPLIST_FILE = Maps_codeTests/Info.plist;
				IPHONEOS_DEPLOYMENT_TARGET = 14.4;
				LD_RUNPATH_SEARCH_PATHS = (
					"$(inherited)",
					"@executable_path/Frameworks",
					"@loader_path/Frameworks",
				);
				PRODUCT_BUNDLE_IDENTIFIER = "agoferna.Maps-codeTests";
				PRODUCT_NAME = "$(TARGET_NAME)";
				SWIFT_VERSION = 5.0;
				TARGETED_DEVICE_FAMILY = "1,2";
				TEST_HOST = "$(BUILT_PRODUCTS_DIR)/Maps_code.app/Maps_code";
			};
			name = Release;
		};
		283951BC26679264001E1B1A /* Debug */ = {
			isa = XCBuildConfiguration;
			baseConfigurationReference = F4960A52B0BB7CEFF381E5BD /* Pods-Maps_code-Maps_codeUITests.debug.xcconfig */;
			buildSettings = {
				ALWAYS_EMBED_SWIFT_STANDARD_LIBRARIES = YES;
				CODE_SIGN_STYLE = Automatic;
				DEVELOPMENT_TEAM = YRCYL6E362;
				INFOPLIST_FILE = Maps_codeUITests/Info.plist;
				LD_RUNPATH_SEARCH_PATHS = (
					"$(inherited)",
					"@executable_path/Frameworks",
					"@loader_path/Frameworks",
				);
				PRODUCT_BUNDLE_IDENTIFIER = "agoferna.Maps-codeUITests";
				PRODUCT_NAME = "$(TARGET_NAME)";
				SWIFT_VERSION = 5.0;
				TARGETED_DEVICE_FAMILY = "1,2";
				TEST_TARGET_NAME = Maps_code;
			};
			name = Debug;
		};
		283951BD26679264001E1B1A /* Release */ = {
			isa = XCBuildConfiguration;
			baseConfigurationReference = D16CB82A624C0583E4307E3A /* Pods-Maps_code-Maps_codeUITests.release.xcconfig */;
			buildSettings = {
				ALWAYS_EMBED_SWIFT_STANDARD_LIBRARIES = YES;
				CODE_SIGN_STYLE = Automatic;
				DEVELOPMENT_TEAM = YRCYL6E362;
				INFOPLIST_FILE = Maps_codeUITests/Info.plist;
				LD_RUNPATH_SEARCH_PATHS = (
					"$(inherited)",
					"@executable_path/Frameworks",
					"@loader_path/Frameworks",
				);
				PRODUCT_BUNDLE_IDENTIFIER = "agoferna.Maps-codeUITests";
				PRODUCT_NAME = "$(TARGET_NAME)";
				SWIFT_VERSION = 5.0;
				TARGETED_DEVICE_FAMILY = "1,2";
				TEST_TARGET_NAME = Maps_code;
			};
			name = Release;
		};
/* End XCBuildConfiguration section */

/* Begin XCConfigurationList section */
		283951862667925F001E1B1A /* Build configuration list for PBXProject "Maps_code" */ = {
			isa = XCConfigurationList;
			buildConfigurations = (
				283951B326679264001E1B1A /* Debug */,
				283951B426679264001E1B1A /* Release */,
			);
			defaultConfigurationIsVisible = 0;
			defaultConfigurationName = Release;
		};
		283951B526679264001E1B1A /* Build configuration list for PBXNativeTarget "Maps_code" */ = {
			isa = XCConfigurationList;
			buildConfigurations = (
				283951B626679264001E1B1A /* Debug */,
				283951B726679264001E1B1A /* Release */,
			);
			defaultConfigurationIsVisible = 0;
			defaultConfigurationName = Release;
		};
		283951B826679264001E1B1A /* Build configuration list for PBXNativeTarget "Maps_codeTests" */ = {
			isa = XCConfigurationList;
			buildConfigurations = (
				283951B926679264001E1B1A /* Debug */,
				283951BA26679264001E1B1A /* Release */,
			);
			defaultConfigurationIsVisible = 0;
			defaultConfigurationName = Release;
		};
		283951BB26679264001E1B1A /* Build configuration list for PBXNativeTarget "Maps_codeUITests" */ = {
			isa = XCConfigurationList;
			buildConfigurations = (
				283951BC26679264001E1B1A /* Debug */,
				283951BD26679264001E1B1A /* Release */,
			);
			defaultConfigurationIsVisible = 0;
			defaultConfigurationName = Release;
		};
/* End XCConfigurationList section */

/* Begin XCRemoteSwiftPackageReference section */
		282813C2266A7BA600D9CEBA /* XCRemoteSwiftPackageReference "Polyline" */ = {
			isa = XCRemoteSwiftPackageReference;
			repositoryURL = "https://github.com/raphaelmor/Polyline.git";
			requirement = {
				kind = upToNextMajorVersion;
				minimumVersion = 5.0.2;
			};
		};
/* End XCRemoteSwiftPackageReference section */

/* Begin XCSwiftPackageProductDependency section */
		282813C3266A7BA600D9CEBA /* Polyline */ = {
			isa = XCSwiftPackageProductDependency;
			package = 282813C2266A7BA600D9CEBA /* XCRemoteSwiftPackageReference "Polyline" */;
			productName = Polyline;
		};
/* End XCSwiftPackageProductDependency section */
	};
	rootObject = 283951832667925F001E1B1A /* Project object */;
}
