PODS:
  - Alamofire (5.4.1)
  - GoogleMaps (3.7.0):
    - GoogleMaps/Maps (= 3.7.0)
  - GoogleMaps/Base (3.7.0)
  - GoogleMaps/Maps (3.7.0):
    - GoogleMaps/Base

DEPENDENCIES:
  - Alamofire (~> 5.2)
  - GoogleMaps (~> 3.7.0)

SPEC REPOS:
  trunk:
    - Alamofire
    - GoogleMaps

SPEC CHECKSUMS:
  Alamofire: 2291f7d21ca607c491dd17642e5d40fdcda0e65c
  GoogleMaps: 55da829c68aa931f3ae982b9e341cc2f3d89c587

PODFILE CHECKSUM: 6375ac5ab89f08a3c9578b8aef02c83cba8e4b6f

COCOAPODS: 1.9.2
